
Microsoft Visual Studio Solution File, Format Version 12.00
# Visual Studio Version 16
VisualStudioVersion = 16.0.32228.343
MinimumVisualStudioVersion = 10.0.40219.1
Project("{FAE04EC0-301F-11D3-BF4B-00C04F79EFBC}") = "BookStore", "BookStore\BookStore.csproj", "{FB495957-1DA8-455E-A5BE-840895AC17F3}"
EndProject
Global
	GlobalSection(SolutionConfigurationPlatforms) = preSolution
		Debug|Any CPU = Debug|Any CPU
		Release|Any CPU = Release|Any CPU
	EndGlobalSection
	GlobalSection(ProjectConfigurationPlatforms) = postSolution
		{FB495957-1DA8-455E-A5BE-840895AC17F3}.Debug|Any CPU.ActiveCfg = Debug|Any CPU
		{FB495957-1DA8-455E-A5BE-840895AC17F3}.Debug|Any CPU.Build.0 = Debug|Any CPU
		{FB495957-1DA8-455E-A5BE-840895AC17F3}.Release|Any CPU.ActiveCfg = Release|Any CPU
		{FB495957-1DA8-455E-A5BE-840895AC17F3}.Release|Any CPU.Build.0 = Release|Any CPU
	EndGlobalSection
	GlobalSection(SolutionProperties) = preSolution
		HideSolutionNode = FALSE
	EndGlobalSection
	GlobalSection(ExtensibilityGlobals) = postSolution
		SolutionGuid = {2441E74C-8D68-4A49-96BF-9DEBA3FEF567}
	EndGlobalSection
EndGlobal
